
Microsoft Visual Studio Solution File, Format Version 12.00
# Visual Studio 14
VisualStudioVersion = 14.0.25420.1
MinimumVisualStudioVersion = 10.0.40219.1
Project("{FAE04EC0-301F-11D3-BF4B-00C04F79EFBC}") = "powershell", "src\vs-csproj\powershell.csproj", "{9F0760E6-18AC-4B3F-A6B2-7157404C4276}"
EndProject
Project("{FAE04EC0-301F-11D3-BF4B-00C04F79EFBC}") = "System.Management.Automation", "src\vs-csproj\System.Management.Automation.csproj", "{1256D32A-BE8D-4EFE-9769-57BE5663209E}"
EndProject
Project("{FAE04EC0-301F-11D3-BF4B-00C04F79EFBC}") = "Microsoft.PowerShell.Commands.Management", "src\vs-csproj\Microsoft.PowerShell.Commands.Management.csproj", "{FE0D19AF-A6BE-4A68-BC1D-F52F3A17E2A0}"
EndProject
Project("{FAE04EC0-301F-11D3-BF4B-00C04F79EFBC}") = "Microsoft.PowerShell.Commands.Utility", "src\vs-csproj\Microsoft.PowerShell.Commands.Utility.csproj", "{5B134412-7EAF-4D60-9EED-CD200BDC5153}"
EndProject
Project("{FAE04EC0-301F-11D3-BF4B-00C04F79EFBC}") = "Microsoft.PowerShell.ConsoleHost", "src\vs-csproj\Microsoft.PowerShell.ConsoleHost.csproj", "{5B0CA2C8-9C4E-460B-A632-0FC22E71DF2A}"
EndProject
Project("{FAE04EC0-301F-11D3-BF4B-00C04F79EFBC}") = "PSReadLine", "src\vs-csproj\PSReadLine.csproj", "{615788CB-1B9A-4B34-97B3-4608686E59CA}"
EndProject
Global
	GlobalSection(SolutionConfigurationPlatforms) = preSolution
		CORECLR|Any CPU = CORECLR|Any CPU
		UNIX|Any CPU = UNIX|Any CPU
		WINDOWS|Any CPU = WINDOWS|Any CPU
	EndGlobalSection
	GlobalSection(ProjectConfigurationPlatforms) = postSolution
		{9F0760E6-18AC-4B3F-A6B2-7157404C4276}.CORECLR|Any CPU.ActiveCfg = CORECLR|x86
		{9F0760E6-18AC-4B3F-A6B2-7157404C4276}.UNIX|Any CPU.ActiveCfg = UNIX|x86
		{9F0760E6-18AC-4B3F-A6B2-7157404C4276}.WINDOWS|Any CPU.ActiveCfg = CORECLR|x86
		{9F0760E6-18AC-4B3F-A6B2-7157404C4276}.WINDOWS|Any CPU.Build.0 = CORECLR|x86
		{1256D32A-BE8D-4EFE-9769-57BE5663209E}.CORECLR|Any CPU.ActiveCfg = CORECLR|Any CPU
		{1256D32A-BE8D-4EFE-9769-57BE5663209E}.UNIX|Any CPU.ActiveCfg = UNIX|Any CPU
		{1256D32A-BE8D-4EFE-9769-57BE5663209E}.WINDOWS|Any CPU.ActiveCfg = WINDOWS|Any CPU
		{FE0D19AF-A6BE-4A68-BC1D-F52F3A17E2A0}.CORECLR|Any CPU.ActiveCfg = CORECLR|Any CPU
		{FE0D19AF-A6BE-4A68-BC1D-F52F3A17E2A0}.UNIX|Any CPU.ActiveCfg = UNIX|Any CPU
		{FE0D19AF-A6BE-4A68-BC1D-F52F3A17E2A0}.WINDOWS|Any CPU.ActiveCfg = Release|Any CPU
		{FE0D19AF-A6BE-4A68-BC1D-F52F3A17E2A0}.WINDOWS|Any CPU.Build.0 = Release|Any CPU
		{5B134412-7EAF-4D60-9EED-CD200BDC5153}.CORECLR|Any CPU.ActiveCfg = CORECLR|Any CPU
		{5B134412-7EAF-4D60-9EED-CD200BDC5153}.UNIX|Any CPU.ActiveCfg = UNIX|Any CPU
		{5B134412-7EAF-4D60-9EED-CD200BDC5153}.WINDOWS|Any CPU.ActiveCfg = Release|Any CPU
		{5B134412-7EAF-4D60-9EED-CD200BDC5153}.WINDOWS|Any CPU.Build.0 = Release|Any CPU
		{5B0CA2C8-9C4E-460B-A632-0FC22E71DF2A}.CORECLR|Any CPU.ActiveCfg = CORECLR|Any CPU
		{5B0CA2C8-9C4E-460B-A632-0FC22E71DF2A}.UNIX|Any CPU.ActiveCfg = UNIX|Any CPU
		{5B0CA2C8-9C4E-460B-A632-0FC22E71DF2A}.WINDOWS|Any CPU.ActiveCfg = Release|Any CPU
		{5B0CA2C8-9C4E-460B-A632-0FC22E71DF2A}.WINDOWS|Any CPU.Build.0 = Release|Any CPU
		{615788CB-1B9A-4B34-97B3-4608686E59CA}.CORECLR|Any CPU.ActiveCfg = CORECLR|Any CPU
		{615788CB-1B9A-4B34-97B3-4608686E59CA}.UNIX|Any CPU.ActiveCfg = UNIX|Any CPU
		{615788CB-1B9A-4B34-97B3-4608686E59CA}.WINDOWS|Any CPU.ActiveCfg = Release|Any CPU
		{615788CB-1B9A-4B34-97B3-4608686E59CA}.WINDOWS|Any CPU.Build.0 = Release|Any CPU
	EndGlobalSection
	GlobalSection(SolutionProperties) = preSolution
		HideSolutionNode = FALSE
	EndGlobalSection
EndGlobal
