
Microsoft Visual Studio Solution File, Format Version 12.00
# Visual Studio 2013
VisualStudioVersion = 12.0.21005.1
MinimumVisualStudioVersion = 10.0.40219.1
Project("{FAE04EC0-301F-11D3-BF4B-00C04F79EFBC}") = "PowerShell.Module", "PowerShell.Module\PowerShell.Module.csproj", "{F2133AC2-39DD-4321-A3B1-8BDBCDFF743E}"
	ProjectSection(ProjectDependencies) = postProject
		{6EE48B32-D449-47A5-B69F-B2D8E9BAD867} = {6EE48B32-D449-47A5-B69F-B2D8E9BAD867}
		{B4ED8E4C-01B6-4440-AFC7-DC73D08201B5} = {B4ED8E4C-01B6-4440-AFC7-DC73D08201B5}
		{EBEB46B5-3683-4D9F-939B-B1B2BBEEA369} = {EBEB46B5-3683-4D9F-939B-B1B2BBEEA369}
		{83C9A4E3-48AD-4105-8E06-D2304B932E42} = {83C9A4E3-48AD-4105-8E06-D2304B932E42}
		{51DD1DE7-25FA-44EF-92C4-F475E6F6DDC0} = {51DD1DE7-25FA-44EF-92C4-F475E6F6DDC0}
	EndProjectSection
EndProject
Project("{FAE04EC0-301F-11D3-BF4B-00C04F79EFBC}") = "PackageManagement", "PackageManagement\PackageManagement.csproj", "{7044B856-6D51-498F-90F9-01F219909F79}"
EndProject
Project("{FAE04EC0-301F-11D3-BF4B-00C04F79EFBC}") = "Utility", "Utility\Utility.csproj", "{7044B856-6D51-498F-8192-01F219908192}"
EndProject
Project("{FAE04EC0-301F-11D3-BF4B-00C04F79EFBC}") = "PowerShell.MetaProvider", "Providers\Inbox\PowerShell.MetaProvider\PowerShell.MetaProvider.csproj", "{EBEB46B5-3683-4D9F-939B-B1B2BBEEA369}"
EndProject
Project("{FAE04EC0-301F-11D3-BF4B-00C04F79EFBC}") = "Unit", "Test\Unit\Unit.csproj", "{B953E5C8-ECBB-489E-A5A4-6AC64ABDCB2E}"
	ProjectSection(ProjectDependencies) = postProject
		{6EE48B32-D449-47A5-B69F-B2D8E9BAD867} = {6EE48B32-D449-47A5-B69F-B2D8E9BAD867}
		{B4ED8E4C-01B6-4440-AFC7-DC73D08201B5} = {B4ED8E4C-01B6-4440-AFC7-DC73D08201B5}
		{C06032D8-C31A-492A-86F3-5CC4ED19BD8E} = {C06032D8-C31A-492A-86F3-5CC4ED19BD8E}
		{83C9A4E3-48AD-4105-8E06-D2304B932E42} = {83C9A4E3-48AD-4105-8E06-D2304B932E42}
		{51DD1DE7-25FA-44EF-92C4-F475E6F6DDC0} = {51DD1DE7-25FA-44EF-92C4-F475E6F6DDC0}
	EndProjectSection
EndProject
Project("{FAE04EC0-301F-11D3-BF4B-00C04F79EFBC}") = "Utility.PowerShell", "Utility.PowerShell\Utility.PowerShell.csproj", "{3F9D75F9-A4AD-46C1-8937-B55604E8D5D9}"
EndProject
Project("{930C7802-8A8C-48F9-8165-68863BCCD9DD}") = "Installer", "Package\Installer\Installer.wixproj", "{0FCE07AA-AC5F-4CB4-AEE5-C2CC74E060AE}"
	ProjectSection(ProjectDependencies) = postProject
		{0298D025-D727-485A-8691-5ECCCA27F424} = {0298D025-D727-485A-8691-5ECCCA27F424}
	EndProjectSection
EndProject
Project("{930C7802-8A8C-48F9-8165-68863BCCD9DD}") = "Msi", "Package\Msi\Msi.wixproj", "{0298D025-D727-485A-8691-5ECCCA27F424}"
	ProjectSection(ProjectDependencies) = postProject
		{6EE48B32-D449-47A5-B69F-B2D8E9BAD867} = {6EE48B32-D449-47A5-B69F-B2D8E9BAD867}
		{B4ED8E4C-01B6-4440-AFC7-DC73D08201B5} = {B4ED8E4C-01B6-4440-AFC7-DC73D08201B5}
		{7044B856-6D51-498F-8192-01F219908192} = {7044B856-6D51-498F-8192-01F219908192}
		{7044B856-6D51-498F-90F9-01F219909F79} = {7044B856-6D51-498F-90F9-01F219909F79}
		{EBEB46B5-3683-4D9F-939B-B1B2BBEEA369} = {EBEB46B5-3683-4D9F-939B-B1B2BBEEA369}
		{F2133AC2-39DD-4321-A3B1-8BDBCDFF743E} = {F2133AC2-39DD-4321-A3B1-8BDBCDFF743E}
		{B953E5C8-ECBB-489E-A5A4-6AC64ABDCB2E} = {B953E5C8-ECBB-489E-A5A4-6AC64ABDCB2E}
		{83C9A4E3-48AD-4105-8E06-D2304B932E42} = {83C9A4E3-48AD-4105-8E06-D2304B932E42}
		{51DD1DE7-25FA-44EF-92C4-F475E6F6DDC0} = {51DD1DE7-25FA-44EF-92C4-F475E6F6DDC0}
		{3F9D75F9-A4AD-46C1-8937-B55604E8D5D9} = {3F9D75F9-A4AD-46C1-8937-B55604E8D5D9}
	EndProjectSection
EndProject
Project("{FAE04EC0-301F-11D3-BF4B-00C04F79EFBC}") = "MsiProvider", "Providers\Inbox\MsiProvider\MsiProvider.csproj", "{51DD1DE7-25FA-44EF-92C4-F475E6F6DDC0}"
EndProject
Project("{FAE04EC0-301F-11D3-BF4B-00C04F79EFBC}") = "Archivers", "Providers\Inbox\Archivers\Archivers.csproj", "{B4ED8E4C-01B6-4440-AFC7-DC73D08201B5}"
EndProject
Project("{FAE04EC0-301F-11D3-BF4B-00C04F79EFBC}") = "MsuProvider", "Providers\Inbox\MsuProvider\MsuProvider.csproj", "{83C9A4E3-48AD-4105-8E06-D2304B932E42}"
EndProject
Project("{FAE04EC0-301F-11D3-BF4B-00C04F79EFBC}") = "NuGetProvider", "Providers\Dynamic\NuGetProvider\NuGetProvider.csproj", "{6EE48B32-D449-47A5-B69F-B2D8E9BAD867}"
EndProject
Project("{2150E333-8FDC-42A3-9474-1A3956D46DE8}") = "Providers", "Providers", "{1D6B52CB-403F-4A0C-9F7A-C933EBD613BE}"
EndProject
Project("{2150E333-8FDC-42A3-9474-1A3956D46DE8}") = "Inbox", "Inbox", "{06F8B919-B196-4C85-B412-7C094EDC80F7}"
EndProject
Project("{2150E333-8FDC-42A3-9474-1A3956D46DE8}") = "Dynamic", "Dynamic", "{DE4F22A7-4B16-42D3-9FC5-88B966330CC1}"
EndProject
Project("{2150E333-8FDC-42A3-9474-1A3956D46DE8}") = "Package", "Package", "{3ADCE0EF-8CC0-4A82-8AEF-FA392A5B601C}"
EndProject
Project("{FAE04EC0-301F-11D3-BF4B-00C04F79EFBC}") = "CoreProviders", "Providers\Inbox\CoreProviders\CoreProviders.csproj", "{C06032D8-C31A-492A-86F3-5CC4ED19BD8E}"
EndProject
Project("{FAE04EC0-301F-11D3-BF4B-00C04F79EFBC}") = "PackageProvider", "Providers\Sdk\ProviderSdk\PackageProvider.csproj", "{12BC926F-A38B-47DB-A490-21E8686514F6}"
EndProject
Project("{2150E333-8FDC-42A3-9474-1A3956D46DE8}") = "Sdk", "Sdk", "{80518357-8AA5-4A02-8598-68E6C6C226EE}"
EndProject
Project("{2150E333-8FDC-42A3-9474-1A3956D46DE8}") = "Test", "Test", "{C3698B22-D216-4207-8C91-EE8244646E94}"
EndProject
Project("{2150E333-8FDC-42A3-9474-1A3956D46DE8}") = ".nuget", ".nuget", "{F80499C6-AD69-4CA4-944E-250BCAF47990}"
	ProjectSection(SolutionItems) = preProject
		.nuget\packages.config = .nuget\packages.config
	EndProjectSection
EndProject
Project("{FAE04EC0-301F-11D3-BF4B-00C04F79EFBC}") = "NugetLightProvider", "providers\inbox\NugetLightProvider\NugetLightProvider.csproj", "{CE99A5EB-84AF-4445-B689-3E1C50F071DF}"
EndProject
Global
	GlobalSection(SolutionConfigurationPlatforms) = preSolution
		Debug|Any CPU = Debug|Any CPU
		Debug-Publish|Any CPU = Debug-Publish|Any CPU
		Publish|Any CPU = Publish|Any CPU
		Release|Any CPU = Release|Any CPU
	EndGlobalSection
	GlobalSection(ProjectConfigurationPlatforms) = postSolution
		{F2133AC2-39DD-4321-A3B1-8BDBCDFF743E}.Debug|Any CPU.ActiveCfg = Debug|Any CPU
		{F2133AC2-39DD-4321-A3B1-8BDBCDFF743E}.Debug|Any CPU.Build.0 = Debug|Any CPU
		{F2133AC2-39DD-4321-A3B1-8BDBCDFF743E}.Debug-Publish|Any CPU.ActiveCfg = Debug|Any CPU
		{F2133AC2-39DD-4321-A3B1-8BDBCDFF743E}.Debug-Publish|Any CPU.Build.0 = Debug|Any CPU
		{F2133AC2-39DD-4321-A3B1-8BDBCDFF743E}.Publish|Any CPU.ActiveCfg = Release|Any CPU
		{F2133AC2-39DD-4321-A3B1-8BDBCDFF743E}.Publish|Any CPU.Build.0 = Release|Any CPU
		{F2133AC2-39DD-4321-A3B1-8BDBCDFF743E}.Release|Any CPU.ActiveCfg = Release|Any CPU
		{F2133AC2-39DD-4321-A3B1-8BDBCDFF743E}.Release|Any CPU.Build.0 = Release|Any CPU
		{7044B856-6D51-498F-90F9-01F219909F79}.Debug|Any CPU.ActiveCfg = Debug|Any CPU
		{7044B856-6D51-498F-90F9-01F219909F79}.Debug|Any CPU.Build.0 = Debug|Any CPU
		{7044B856-6D51-498F-90F9-01F219909F79}.Debug-Publish|Any CPU.ActiveCfg = Debug|Any CPU
		{7044B856-6D51-498F-90F9-01F219909F79}.Debug-Publish|Any CPU.Build.0 = Debug|Any CPU
		{7044B856-6D51-498F-90F9-01F219909F79}.Publish|Any CPU.ActiveCfg = Release|Any CPU
		{7044B856-6D51-498F-90F9-01F219909F79}.Publish|Any CPU.Build.0 = Release|Any CPU
		{7044B856-6D51-498F-90F9-01F219909F79}.Release|Any CPU.ActiveCfg = Release|Any CPU
		{7044B856-6D51-498F-90F9-01F219909F79}.Release|Any CPU.Build.0 = Release|Any CPU
		{7044B856-6D51-498F-8192-01F219908192}.Debug|Any CPU.ActiveCfg = Debug|Any CPU
		{7044B856-6D51-498F-8192-01F219908192}.Debug|Any CPU.Build.0 = Debug|Any CPU
		{7044B856-6D51-498F-8192-01F219908192}.Debug-Publish|Any CPU.ActiveCfg = Debug|Any CPU
		{7044B856-6D51-498F-8192-01F219908192}.Debug-Publish|Any CPU.Build.0 = Debug|Any CPU
		{7044B856-6D51-498F-8192-01F219908192}.Publish|Any CPU.ActiveCfg = Release|Any CPU
		{7044B856-6D51-498F-8192-01F219908192}.Publish|Any CPU.Build.0 = Release|Any CPU
		{7044B856-6D51-498F-8192-01F219908192}.Release|Any CPU.ActiveCfg = Release|Any CPU
		{7044B856-6D51-498F-8192-01F219908192}.Release|Any CPU.Build.0 = Release|Any CPU
		{EBEB46B5-3683-4D9F-939B-B1B2BBEEA369}.Debug|Any CPU.ActiveCfg = Debug|Any CPU
		{EBEB46B5-3683-4D9F-939B-B1B2BBEEA369}.Debug|Any CPU.Build.0 = Debug|Any CPU
		{EBEB46B5-3683-4D9F-939B-B1B2BBEEA369}.Debug-Publish|Any CPU.ActiveCfg = Debug|Any CPU
		{EBEB46B5-3683-4D9F-939B-B1B2BBEEA369}.Debug-Publish|Any CPU.Build.0 = Debug|Any CPU
		{EBEB46B5-3683-4D9F-939B-B1B2BBEEA369}.Publish|Any CPU.ActiveCfg = Release|Any CPU
		{EBEB46B5-3683-4D9F-939B-B1B2BBEEA369}.Publish|Any CPU.Build.0 = Release|Any CPU
		{EBEB46B5-3683-4D9F-939B-B1B2BBEEA369}.Release|Any CPU.ActiveCfg = Release|Any CPU
		{EBEB46B5-3683-4D9F-939B-B1B2BBEEA369}.Release|Any CPU.Build.0 = Release|Any CPU
		{B953E5C8-ECBB-489E-A5A4-6AC64ABDCB2E}.Debug|Any CPU.ActiveCfg = Debug|Any CPU
		{B953E5C8-ECBB-489E-A5A4-6AC64ABDCB2E}.Debug|Any CPU.Build.0 = Debug|Any CPU
		{B953E5C8-ECBB-489E-A5A4-6AC64ABDCB2E}.Debug-Publish|Any CPU.ActiveCfg = Debug|Any CPU
		{B953E5C8-ECBB-489E-A5A4-6AC64ABDCB2E}.Debug-Publish|Any CPU.Build.0 = Debug|Any CPU
		{B953E5C8-ECBB-489E-A5A4-6AC64ABDCB2E}.Publish|Any CPU.ActiveCfg = Release|Any CPU
		{B953E5C8-ECBB-489E-A5A4-6AC64ABDCB2E}.Publish|Any CPU.Build.0 = Release|Any CPU
		{B953E5C8-ECBB-489E-A5A4-6AC64ABDCB2E}.Release|Any CPU.ActiveCfg = Release|Any CPU
		{B953E5C8-ECBB-489E-A5A4-6AC64ABDCB2E}.Release|Any CPU.Build.0 = Release|Any CPU
		{3F9D75F9-A4AD-46C1-8937-B55604E8D5D9}.Debug|Any CPU.ActiveCfg = Debug|Any CPU
		{3F9D75F9-A4AD-46C1-8937-B55604E8D5D9}.Debug|Any CPU.Build.0 = Debug|Any CPU
		{3F9D75F9-A4AD-46C1-8937-B55604E8D5D9}.Debug-Publish|Any CPU.ActiveCfg = Debug|Any CPU
		{3F9D75F9-A4AD-46C1-8937-B55604E8D5D9}.Debug-Publish|Any CPU.Build.0 = Debug|Any CPU
		{3F9D75F9-A4AD-46C1-8937-B55604E8D5D9}.Publish|Any CPU.ActiveCfg = Release|Any CPU
		{3F9D75F9-A4AD-46C1-8937-B55604E8D5D9}.Publish|Any CPU.Build.0 = Release|Any CPU
		{3F9D75F9-A4AD-46C1-8937-B55604E8D5D9}.Release|Any CPU.ActiveCfg = Release|Any CPU
		{3F9D75F9-A4AD-46C1-8937-B55604E8D5D9}.Release|Any CPU.Build.0 = Release|Any CPU
		{0FCE07AA-AC5F-4CB4-AEE5-C2CC74E060AE}.Debug|Any CPU.ActiveCfg = Debug|x86
		{0FCE07AA-AC5F-4CB4-AEE5-C2CC74E060AE}.Debug-Publish|Any CPU.ActiveCfg = Debug|x86
		{0FCE07AA-AC5F-4CB4-AEE5-C2CC74E060AE}.Debug-Publish|Any CPU.Build.0 = Debug|x86
		{0FCE07AA-AC5F-4CB4-AEE5-C2CC74E060AE}.Publish|Any CPU.ActiveCfg = Release|x86
		{0FCE07AA-AC5F-4CB4-AEE5-C2CC74E060AE}.Publish|Any CPU.Build.0 = Release|x86
		{0FCE07AA-AC5F-4CB4-AEE5-C2CC74E060AE}.Release|Any CPU.ActiveCfg = Release|x86
		{0298D025-D727-485A-8691-5ECCCA27F424}.Debug|Any CPU.ActiveCfg = Debug|x86
		{0298D025-D727-485A-8691-5ECCCA27F424}.Debug-Publish|Any CPU.ActiveCfg = Debug|x86
		{0298D025-D727-485A-8691-5ECCCA27F424}.Debug-Publish|Any CPU.Build.0 = Debug|x86
		{0298D025-D727-485A-8691-5ECCCA27F424}.Publish|Any CPU.ActiveCfg = Release|x86
		{0298D025-D727-485A-8691-5ECCCA27F424}.Publish|Any CPU.Build.0 = Release|x86
		{0298D025-D727-485A-8691-5ECCCA27F424}.Release|Any CPU.ActiveCfg = Release|x86
		{51DD1DE7-25FA-44EF-92C4-F475E6F6DDC0}.Debug|Any CPU.ActiveCfg = Debug|Any CPU
		{51DD1DE7-25FA-44EF-92C4-F475E6F6DDC0}.Debug|Any CPU.Build.0 = Debug|Any CPU
		{51DD1DE7-25FA-44EF-92C4-F475E6F6DDC0}.Debug-Publish|Any CPU.ActiveCfg = Debug|Any CPU
		{51DD1DE7-25FA-44EF-92C4-F475E6F6DDC0}.Debug-Publish|Any CPU.Build.0 = Debug|Any CPU
		{51DD1DE7-25FA-44EF-92C4-F475E6F6DDC0}.Publish|Any CPU.ActiveCfg = Release|Any CPU
		{51DD1DE7-25FA-44EF-92C4-F475E6F6DDC0}.Publish|Any CPU.Build.0 = Release|Any CPU
		{51DD1DE7-25FA-44EF-92C4-F475E6F6DDC0}.Release|Any CPU.ActiveCfg = Release|Any CPU
		{51DD1DE7-25FA-44EF-92C4-F475E6F6DDC0}.Release|Any CPU.Build.0 = Release|Any CPU
		{B4ED8E4C-01B6-4440-AFC7-DC73D08201B5}.Debug|Any CPU.ActiveCfg = Debug|Any CPU
		{B4ED8E4C-01B6-4440-AFC7-DC73D08201B5}.Debug|Any CPU.Build.0 = Debug|Any CPU
		{B4ED8E4C-01B6-4440-AFC7-DC73D08201B5}.Debug-Publish|Any CPU.ActiveCfg = Debug|Any CPU
		{B4ED8E4C-01B6-4440-AFC7-DC73D08201B5}.Debug-Publish|Any CPU.Build.0 = Debug|Any CPU
		{B4ED8E4C-01B6-4440-AFC7-DC73D08201B5}.Publish|Any CPU.ActiveCfg = Release|Any CPU
		{B4ED8E4C-01B6-4440-AFC7-DC73D08201B5}.Publish|Any CPU.Build.0 = Release|Any CPU
		{B4ED8E4C-01B6-4440-AFC7-DC73D08201B5}.Release|Any CPU.ActiveCfg = Release|Any CPU
		{B4ED8E4C-01B6-4440-AFC7-DC73D08201B5}.Release|Any CPU.Build.0 = Release|Any CPU
		{83C9A4E3-48AD-4105-8E06-D2304B932E42}.Debug|Any CPU.ActiveCfg = Debug|Any CPU
		{83C9A4E3-48AD-4105-8E06-D2304B932E42}.Debug|Any CPU.Build.0 = Debug|Any CPU
		{83C9A4E3-48AD-4105-8E06-D2304B932E42}.Debug-Publish|Any CPU.ActiveCfg = Debug|Any CPU
		{83C9A4E3-48AD-4105-8E06-D2304B932E42}.Debug-Publish|Any CPU.Build.0 = Debug|Any CPU
		{83C9A4E3-48AD-4105-8E06-D2304B932E42}.Publish|Any CPU.ActiveCfg = Release|Any CPU
		{83C9A4E3-48AD-4105-8E06-D2304B932E42}.Publish|Any CPU.Build.0 = Release|Any CPU
		{83C9A4E3-48AD-4105-8E06-D2304B932E42}.Release|Any CPU.ActiveCfg = Release|Any CPU
		{83C9A4E3-48AD-4105-8E06-D2304B932E42}.Release|Any CPU.Build.0 = Release|Any CPU
		{6EE48B32-D449-47A5-B69F-B2D8E9BAD867}.Debug|Any CPU.ActiveCfg = Debug|Any CPU
		{6EE48B32-D449-47A5-B69F-B2D8E9BAD867}.Debug|Any CPU.Build.0 = Debug|Any CPU
		{6EE48B32-D449-47A5-B69F-B2D8E9BAD867}.Debug-Publish|Any CPU.ActiveCfg = Debug|Any CPU
		{6EE48B32-D449-47A5-B69F-B2D8E9BAD867}.Debug-Publish|Any CPU.Build.0 = Debug|Any CPU
		{6EE48B32-D449-47A5-B69F-B2D8E9BAD867}.Publish|Any CPU.ActiveCfg = Release|Any CPU
		{6EE48B32-D449-47A5-B69F-B2D8E9BAD867}.Publish|Any CPU.Build.0 = Release|Any CPU
		{6EE48B32-D449-47A5-B69F-B2D8E9BAD867}.Release|Any CPU.ActiveCfg = Release|Any CPU
		{6EE48B32-D449-47A5-B69F-B2D8E9BAD867}.Release|Any CPU.Build.0 = Release|Any CPU
		{C06032D8-C31A-492A-86F3-5CC4ED19BD8E}.Debug|Any CPU.ActiveCfg = Debug|Any CPU
		{C06032D8-C31A-492A-86F3-5CC4ED19BD8E}.Debug|Any CPU.Build.0 = Debug|Any CPU
		{C06032D8-C31A-492A-86F3-5CC4ED19BD8E}.Debug-Publish|Any CPU.ActiveCfg = Debug|Any CPU
		{C06032D8-C31A-492A-86F3-5CC4ED19BD8E}.Debug-Publish|Any CPU.Build.0 = Debug|Any CPU
		{C06032D8-C31A-492A-86F3-5CC4ED19BD8E}.Publish|Any CPU.ActiveCfg = Release|Any CPU
		{C06032D8-C31A-492A-86F3-5CC4ED19BD8E}.Publish|Any CPU.Build.0 = Release|Any CPU
		{C06032D8-C31A-492A-86F3-5CC4ED19BD8E}.Release|Any CPU.ActiveCfg = Release|Any CPU
		{C06032D8-C31A-492A-86F3-5CC4ED19BD8E}.Release|Any CPU.Build.0 = Release|Any CPU
		{12BC926F-A38B-47DB-A490-21E8686514F6}.Debug|Any CPU.ActiveCfg = Debug|Any CPU
		{12BC926F-A38B-47DB-A490-21E8686514F6}.Debug|Any CPU.Build.0 = Debug|Any CPU
		{12BC926F-A38B-47DB-A490-21E8686514F6}.Debug-Publish|Any CPU.ActiveCfg = Debug|Any CPU
		{12BC926F-A38B-47DB-A490-21E8686514F6}.Debug-Publish|Any CPU.Build.0 = Debug|Any CPU
		{12BC926F-A38B-47DB-A490-21E8686514F6}.Publish|Any CPU.ActiveCfg = Release|Any CPU
		{12BC926F-A38B-47DB-A490-21E8686514F6}.Publish|Any CPU.Build.0 = Release|Any CPU
		{12BC926F-A38B-47DB-A490-21E8686514F6}.Release|Any CPU.ActiveCfg = Release|Any CPU
		{12BC926F-A38B-47DB-A490-21E8686514F6}.Release|Any CPU.Build.0 = Release|Any CPU
		{CE99A5EB-84AF-4445-B689-3E1C50F071DF}.Debug|Any CPU.ActiveCfg = Debug|Any CPU
		{CE99A5EB-84AF-4445-B689-3E1C50F071DF}.Debug|Any CPU.Build.0 = Debug|Any CPU
		{CE99A5EB-84AF-4445-B689-3E1C50F071DF}.Debug-Publish|Any CPU.ActiveCfg = Debug|Any CPU
		{CE99A5EB-84AF-4445-B689-3E1C50F071DF}.Debug-Publish|Any CPU.Build.0 = Debug|Any CPU
		{CE99A5EB-84AF-4445-B689-3E1C50F071DF}.Publish|Any CPU.ActiveCfg = Release|Any CPU
		{CE99A5EB-84AF-4445-B689-3E1C50F071DF}.Publish|Any CPU.Build.0 = Release|Any CPU
		{CE99A5EB-84AF-4445-B689-3E1C50F071DF}.Release|Any CPU.ActiveCfg = Release|Any CPU
		{CE99A5EB-84AF-4445-B689-3E1C50F071DF}.Release|Any CPU.Build.0 = Release|Any CPU
	EndGlobalSection
	GlobalSection(SolutionProperties) = preSolution
		HideSolutionNode = FALSE
	EndGlobalSection
	GlobalSection(NestedProjects) = preSolution
		{06F8B919-B196-4C85-B412-7C094EDC80F7} = {1D6B52CB-403F-4A0C-9F7A-C933EBD613BE}
		{DE4F22A7-4B16-42D3-9FC5-88B966330CC1} = {1D6B52CB-403F-4A0C-9F7A-C933EBD613BE}
		{80518357-8AA5-4A02-8598-68E6C6C226EE} = {1D6B52CB-403F-4A0C-9F7A-C933EBD613BE}
		{B953E5C8-ECBB-489E-A5A4-6AC64ABDCB2E} = {C3698B22-D216-4207-8C91-EE8244646E94}
		{0298D025-D727-485A-8691-5ECCCA27F424} = {3ADCE0EF-8CC0-4A82-8AEF-FA392A5B601C}
		{0FCE07AA-AC5F-4CB4-AEE5-C2CC74E060AE} = {3ADCE0EF-8CC0-4A82-8AEF-FA392A5B601C}
		{B4ED8E4C-01B6-4440-AFC7-DC73D08201B5} = {06F8B919-B196-4C85-B412-7C094EDC80F7}
		{83C9A4E3-48AD-4105-8E06-D2304B932E42} = {06F8B919-B196-4C85-B412-7C094EDC80F7}
		{EBEB46B5-3683-4D9F-939B-B1B2BBEEA369} = {06F8B919-B196-4C85-B412-7C094EDC80F7}
		{51DD1DE7-25FA-44EF-92C4-F475E6F6DDC0} = {06F8B919-B196-4C85-B412-7C094EDC80F7}
		{C06032D8-C31A-492A-86F3-5CC4ED19BD8E} = {06F8B919-B196-4C85-B412-7C094EDC80F7}
		{CE99A5EB-84AF-4445-B689-3E1C50F071DF} = {06F8B919-B196-4C85-B412-7C094EDC80F7}
		{6EE48B32-D449-47A5-B69F-B2D8E9BAD867} = {DE4F22A7-4B16-42D3-9FC5-88B966330CC1}
		{12BC926F-A38B-47DB-A490-21E8686514F6} = {80518357-8AA5-4A02-8598-68E6C6C226EE}
	EndGlobalSection
EndGlobal
