{
  "version": 1,
  "dependencies": {
    "net8.0": {
      "DotNetAnalyzers.DocumentationAnalyzers": {
        "type": "Direct",
        "requested": "[1.0.0-beta.59, )",
        "resolved": "1.0.0-beta.59",
        "contentHash": "+cjn5bzar9cqDABF2SUsMEof8yoMXSNdHYdpCVNnj/M/cRACbKYHzYpgilSEvFlHGuolzJJ2WN++/EXwBzSsYQ==",
        "dependencies": {
          "DotNetAnalyzers.DocumentationAnalyzers.Unstable": "1.0.0.59"
        }
      },
      "Microsoft.Windows.Compatibility": {
        "type": "Direct",
        "requested": "[8.0.0, )",
        "resolved": "8.0.0",
        "contentHash": "4hIR9/0mJe1YWCPJ8ChPf6V+R0SjxF5Uj5RhviRoUk3gri0hQeRrdeGFGjJjAKQRu1OgpF2GnbHIwBTRvZGUuQ==",
        "dependencies": {
          "Microsoft.Win32.Registry.AccessControl": "8.0.0",
          "Microsoft.Win32.SystemEvents": "8.0.0",
          "System.CodeDom": "8.0.0",
          "System.ComponentModel.Composition": "8.0.0",
          "System.ComponentModel.Composition.Registration": "8.0.0",
          "System.Configuration.ConfigurationManager": "8.0.0",
          "System.Data.Odbc": "8.0.0",
          "System.Data.OleDb": "8.0.0",
          "System.Data.SqlClient": "4.8.5",
          "System.Diagnostics.EventLog": "8.0.0",
          "System.Diagnostics.PerformanceCounter": "8.0.0",
          "System.DirectoryServices": "8.0.0",
          "System.DirectoryServices.AccountManagement": "8.0.0",
          "System.DirectoryServices.Protocols": "8.0.0",
          "System.Drawing.Common": "8.0.0",
          "System.IO.Packaging": "8.0.0",
          "System.IO.Ports": "8.0.0",
          "System.Management": "8.0.0",
          "System.Reflection.Context": "8.0.0",
          "System.Runtime.Caching": "8.0.0",
          "System.Security.Cryptography.Pkcs": "8.0.0",
          "System.Security.Cryptography.ProtectedData": "8.0.0",
          "System.Security.Cryptography.Xml": "8.0.0",
          "System.Security.Permissions": "8.0.0",
          "System.ServiceModel.Duplex": "4.10.0",
          "System.ServiceModel.Http": "4.10.0",
          "System.ServiceModel.NetTcp": "4.10.0",
          "System.ServiceModel.Primitives": "4.10.0",
          "System.ServiceModel.Security": "4.10.0",
          "System.ServiceModel.Syndication": "8.0.0",
          "System.ServiceProcess.ServiceController": "8.0.0",
          "System.Speech": "8.0.0",
          "System.Text.Encoding.CodePages": "8.0.0",
          "System.Threading.AccessControl": "8.0.0",
          "System.Web.Services.Description": "4.10.0"
        }
      },
      "StyleCop.Analyzers": {
        "type": "Direct",
        "requested": "[1.2.0-beta.507, )",
        "resolved": "1.2.0-beta.507",
        "contentHash": "/FtugDT66cKJJ+GGH7rNpG6UDrT4iIWz45M6lrXXHobDUFDHw+q5VgkbiR+6ffTO564ge7w6fQh/eoQhVdJO8Q==",
        "dependencies": {
          "StyleCop.Analyzers.Unstable": "1.2.0.507"
        }
      },
      "System.Data.SqlClient": {
        "type": "Direct",
        "requested": "[4.8.5, )",
        "resolved": "4.8.5",
        "contentHash": "fRqxut4lrndPHrXD+ht1XRmCL3obuKldm4XjCRYS9p5f7FSR7shBxAwTkDrpFMsHC9BhNgjjmUtiIjvehn5zkg==",
        "dependencies": {
          "Microsoft.Win32.Registry": "4.7.0",
          "System.Security.Principal.Windows": "4.7.0",
          "runtime.native.System.Data.SqlClient.sni": "4.7.0"
        }
      },
      "System.IO.Packaging": {
        "type": "Direct",
        "requested": "[8.0.0, )",
        "resolved": "8.0.0",
        "contentHash": "8g1V4YRpdGAxFcK8v9OjuMdIOJSpF30Zb1JGicwVZhly3I994WFyBdV6mQEo8d3T+URQe55/M0U0eIH0Hts1bg=="
      },
      "System.Net.Http.WinHttpHandler": {
        "type": "Direct",
        "requested": "[8.0.0, )",
        "resolved": "8.0.0",
        "contentHash": "dAtcyQzDpi34VdR1BeEV8yCOeXVEyekYYK6lJZIzG/N5aqEGgT6AB2DsbiidMp8cB6Y7DqqcmQFZaSGUdoubvQ=="
      },
      "System.Private.ServiceModel": {
        "type": "Direct",
        "requested": "[4.10.3, )",
        "resolved": "4.10.3",
        "contentHash": "BcUV7OERlLqGxDXZuIyIMMmk1PbqBblLRbAoigmzIUx/M8A+8epvyPyXRpbgoucKH7QmfYdQIev04Phx2Co08A==",
        "dependencies": {
          "Microsoft.Bcl.AsyncInterfaces": "5.0.0",
          "Microsoft.Extensions.ObjectPool": "5.0.10",
          "System.Numerics.Vectors": "4.5.0",
          "System.Reflection.DispatchProxy": "4.7.1",
          "System.Security.Cryptography.Xml": "6.0.1",
          "System.Security.Principal.Windows": "5.0.0"
        }
      },
      "System.ServiceModel.Duplex": {
        "type": "Direct",
        "requested": "[4.10.3, )",
        "resolved": "4.10.3",
        "contentHash": "IZ8ZahvTenWML7/jGUXSCm6jHlxpMbcb+Hy+h5p1WP9YVtb+Er7FHRRGizqQMINEdK6HhWpD6rzr5PdxNyusdg==",
        "dependencies": {
          "System.Private.ServiceModel": "4.10.3",
          "System.ServiceModel.Primitives": "4.10.3"
        }
      },
      "System.ServiceModel.Http": {
        "type": "Direct",
        "requested": "[4.10.3, )",
        "resolved": "4.10.3",
        "contentHash": "hodkn0rPTYmoZ9EIPwcleUrOi1gZBPvU0uFvzmJbyxl1lIpVM5GxTrs/pCETStjOXCiXhBDoZQYajquOEfeW/w==",
        "dependencies": {
          "System.Private.ServiceModel": "4.10.3",
          "System.ServiceModel.Primitives": "4.10.3"
        }
      },
      "System.ServiceModel.NetTcp": {
        "type": "Direct",
        "requested": "[4.10.3, )",
        "resolved": "4.10.3",
        "contentHash": "tP7GN7ehqSIQEz7yOJEtY8ziTpfavf2IQMPKa7r9KGQ75+uEW6/wSlWez7oKQwGYuAHbcGhpJvdG6WoVMKYgkw==",
        "dependencies": {
          "System.Private.ServiceModel": "4.10.3",
          "System.ServiceModel.Primitives": "4.10.3"
        }
      },
      "System.ServiceModel.Primitives": {
        "type": "Direct",
        "requested": "[4.10.3, )",
        "resolved": "4.10.3",
        "contentHash": "aNcdry95wIP1J+/HcLQM/f/AA73LnBQDNc2uCoZ+c1//KpVRp8nMZv5ApMwK+eDNVdCK8G0NLInF+xG3mfQL+g==",
        "dependencies": {
          "System.Private.ServiceModel": "4.10.3"
        }
      },
      "System.ServiceModel.Security": {
        "type": "Direct",
        "requested": "[4.10.3, )",
        "resolved": "4.10.3",
        "contentHash": "vqelKb7DvP2inb6LDJ5Igi8wpOYdtLXn5luDW5qEaqkV2sYO1pKlVYBpr6g6m5SevzbdZlVNu67dQiD/H6EdGQ==",
        "dependencies": {
          "System.Private.ServiceModel": "4.10.3",
          "System.ServiceModel.Primitives": "4.10.3"
        }
      },
      "System.Text.Encodings.Web": {
        "type": "Direct",
        "requested": "[8.0.0, )",
        "resolved": "8.0.0",
        "contentHash": "yev/k9GHAEGx2Rg3/tU6MQh4HGBXJs70y7j1LaM1i/ER9po+6nnQ6RRqTJn1E7Xu0fbIFK80Nh5EoODxrbxwBQ=="
      },
      "DotNetAnalyzers.DocumentationAnalyzers.Unstable": {
        "type": "Transitive",
        "resolved": "1.0.0.59",
        "contentHash": "ekGYoPsAGTJs5cFbRdzfHKX2n2DzEATZyowGw3QJnozelzmhQ5tGCJhyolN5NWDq1p/GkBPKgRcQ5QGTKxaGrA=="
      },
      "JetBrains.Annotations": {
        "type": "Transitive",
        "resolved": "2021.2.0",
        "contentHash": "kKSyoVfndMriKHLfYGmr0uzQuI4jcc3TKGyww7buJFCYeHb/X0kodYBPL7n9454q7v6ASiRmDgpPGaDGerg/Hg=="
      },
      "Json.More.Net": {
        "type": "Transitive",
        "resolved": "1.9.0",
        "contentHash": "MMjd2dOh32hLbcZg9YyA+7aEH9gu2cMTEAWrQY17in4+aEsPg2NtYTcwgWHJS9Tt2WUx+4iN1mNegR2uiEwsVQ==",
        "dependencies": {
          "System.Text.Json": "6.0.2"
        }
      },
      "JsonPointer.Net": {
        "type": "Transitive",
        "resolved": "3.0.3",
        "contentHash": "mCGQc15lHLp1R2CVhWiipnZurHXm93+LbPPAT/vXQm5PdHt6WQuYLhaEF8VZ+aXL9P2I6bGND6pDTEfqFs6gig==",
        "dependencies": {
          "Json.More.Net": "1.8.0"
        }
      },
      "JsonSchema.Net": {
        "type": "Transitive",
        "resolved": "5.5.0",
        "contentHash": "b4yUhNXUsColp1MZZ6Ef5VBAZvY4faCaM525zYPBKuNEKwxbHAiwoSGHhAAUxO2lJnSzGv/g9NSvPPaNlu9puQ==",
        "dependencies": {
          "JetBrains.Annotations": "2021.2.0",
          "Json.More.Net": "1.9.0",
          "JsonPointer.Net": "3.0.3"
        }
      },
      "Markdig.Signed": {
        "type": "Transitive",
        "resolved": "0.34.0",
        "contentHash": "3G/6tP/koKeMv7QzusXMBG3iHi4IOjf3RmMBoA3bKmNjtM5HIMOuxiiUBBwfU8Sjx8ztcqsC1BIP2hpJjI7EoQ=="
      },
      "Microsoft.ApplicationInsights": {
        "type": "Transitive",
        "resolved": "2.22.0",
        "contentHash": "3AOM9bZtku7RQwHyMEY3tQMrHIgjcfRDa6YQpd/QG2LDGvMydSlL9Di+8LLMt7J2RDdfJ7/2jdYv6yHcMJAnNw==",
        "dependencies": {
          "System.Diagnostics.DiagnosticSource": "5.0.0"
        }
      },
      "Microsoft.Bcl.AsyncInterfaces": {
        "type": "Transitive",
        "resolved": "5.0.0",
        "contentHash": "W8DPQjkMScOMTtJbPwmPyj9c3zYSFGawDW3jwlBOOsnY+EzZFLgNQ/UMkK35JmkNOVPdCyPr2Tw7Vv9N+KA3ZQ=="
      },
      "Microsoft.CodeAnalysis.Analyzers": {
        "type": "Transitive",
        "resolved": "3.3.4",
        "contentHash": "AxkxcPR+rheX0SmvpLVIGLhOUXAKG56a64kV9VQZ4y9gR9ZmPXnqZvHJnmwLSwzrEP6junUF11vuc+aqo5r68g=="
      },
      "Microsoft.CodeAnalysis.Common": {
        "type": "Transitive",
        "resolved": "4.8.0",
        "contentHash": "/jR+e/9aT+BApoQJABlVCKnnggGQbvGh7BKq2/wI1LamxC+LbzhcLj4Vj7gXCofl1n4E521YfF9w0WcASGg/KA==",
        "dependencies": {
          "Microsoft.CodeAnalysis.Analyzers": "3.3.4",
          "System.Collections.Immutable": "7.0.0",
          "System.Reflection.Metadata": "7.0.0",
          "System.Runtime.CompilerServices.Unsafe": "6.0.0"
        }
      },
      "Microsoft.CodeAnalysis.CSharp": {
        "type": "Transitive",
        "resolved": "4.8.0",
        "contentHash": "+3+qfdb/aaGD8PZRCrsdobbzGs1m9u119SkkJt8e/mk3xLJz/udLtS2T6nY27OTXxBBw10HzAbC8Z9w08VyP/g==",
        "dependencies": {
          "Microsoft.CodeAnalysis.Common": "[4.8.0]"
        }
      },
      "Microsoft.Extensions.ObjectPool": {
        "type": "Transitive",
        "resolved": "5.0.10",
        "contentHash": "pp9tbGqIhdEXL6Q1yJl+zevAJSq4BsxqhS1GXzBvEsEz9DDNu9GLNzgUy2xyFc4YjB4m4Ff2YEWTnvQvVYdkvQ=="
      },
      "Microsoft.Management.Infrastructure": {
        "type": "Transitive",
        "resolved": "3.0.0",
        "contentHash": "cGZi0q5IujCTVYKo9h22Pw+UwfZDV82HXO8HTxMG2HqntPlT3Ls8jY6punLp4YzCypJNpfCAu2kae3TIyuAiJw==",
        "dependencies": {
          "Microsoft.Management.Infrastructure.Runtime.Unix": "3.0.0",
          "Microsoft.Management.Infrastructure.Runtime.Win": "3.0.0"
        }
      },
      "Microsoft.Management.Infrastructure.Runtime.Unix": {
        "type": "Transitive",
        "resolved": "3.0.0",
        "contentHash": "QZE3uEDvZ0m7LabQvcmNOYHp7v1QPBVMpB/ild0WEE8zqUVAP5y9rRI5we37ImI1bQmW5pZ+3HNC70POPm0jBQ=="
      },
      "Microsoft.Management.Infrastructure.Runtime.Win": {
        "type": "Transitive",
        "resolved": "3.0.0",
        "contentHash": "uwMyWN33+iQ8Wm/n1yoPXgFoiYNd0HzJyoqSVhaQZyJfaQrJR3udgcIHjqa1qbc3lS6kvfuUMN4TrF4U4refCQ=="
      },
      "Microsoft.PowerShell.MarkdownRender": {
        "type": "Transitive",
        "resolved": "7.2.1",
        "contentHash": "o5oUwL23R/KnjQPD2Oi49WAG5j4O4VLo1fPRSyM/aq0HuTrY2RnF4B3MCGk13BfcmK51p9kPlHZ1+8a/ZjO4Jg==",
        "dependencies": {
          "Markdig.Signed": "0.31.0"
        }
      },
      "Microsoft.PowerShell.Native": {
        "type": "Transitive",
        "resolved": "7.4.0",
        "contentHash": "FlaJ3JBWhqFToYT0ycMb/Xxzoof7oTQbNyI4UikgubC7AMWt5ptBNKjIAMPvOcvEHr+ohaO9GvRWp3tiyS3sKw=="
      },
      "Microsoft.Security.Extensions": {
        "type": "Transitive",
        "resolved": "1.3.0",
        "contentHash": "xK8WFEo5WMUE8DI8W+GjhRwpVcPrxc4DyTjfxh39+yOyhAtC5TBHDlFEJks5toNZHsUeUuiWELIX25oTWOKPBw=="
      },
      "Microsoft.Win32.Registry": {
        "type": "Transitive",
        "resolved": "4.7.0",
        "contentHash": "KSrRMb5vNi0CWSGG1++id2ZOs/1QhRqROt+qgbEAdQuGjGrFcl4AOl4/exGPUYz2wUnU42nvJqon1T3U0kPXLA==",
        "dependencies": {
          "System.Security.AccessControl": "4.7.0",
          "System.Security.Principal.Windows": "4.7.0"
        }
      },
      "Microsoft.Win32.Registry.AccessControl": {
        "type": "Transitive",
        "resolved": "8.0.0",
        "contentHash": "u8PB9/v02C8mBXzl0vJ7bOyC020zOP+T1mRct+KA46DqZkB40XtsNn9pGD0QowTRsT6R4jPCghn+yAODn2UMMw=="
      },
      "Microsoft.Win32.SystemEvents": {
        "type": "Transitive",
        "resolved": "8.0.0",
        "contentHash": "9opKRyOKMCi2xJ7Bj7kxtZ1r9vbzosMvRrdEhVhDz8j8MoBGgB+WmC94yH839NPH+BclAjtQ/pyagvi/8gDLkw=="
      },
      "Newtonsoft.Json": {
        "type": "Transitive",
        "resolved": "13.0.3",
        "contentHash": "HrC5BXdl00IP9zeV+0Z848QWPAoCr9P3bDEZguI+gkLcBKAOxix/tLEAAHC+UvDNPv4a2d18lOReHMOagPa+zQ=="
      },
      "runtime.linux-arm.runtime.native.System.IO.Ports": {
        "type": "Transitive",
        "resolved": "8.0.0",
        "contentHash": "gK720fg6HemDg8sXcfy+xCMZ9+hF78Gc7BmREbmkS4noqlu1BAr9qZtuWGhLzFjBfgecmdtl4+SYVwJ1VneZBQ=="
      },
      "runtime.linux-arm64.runtime.native.System.IO.Ports": {
        "type": "Transitive",
        "resolved": "8.0.0",
        "contentHash": "KYG6/3ojhEWbb3FwQAKgGWPHrY+HKUXXdVjJlrtyCLn3EMcNTaNcPadb2c0ndQzixZSmAxZKopXJr0nLwhOrpQ=="
      },
      "runtime.linux-x64.runtime.native.System.IO.Ports": {
        "type": "Transitive",
        "resolved": "8.0.0",
        "contentHash": "Wnw5vhA4mgGbIFoo6l9Fk3iEcwRSq49a1aKwJgXUCUtEQLCSUDjTGSxqy/oMUuOyyn7uLHsH8KgZzQ1y3lReiQ=="
      },
      "runtime.native.System.Data.SqlClient.sni": {
        "type": "Transitive",
        "resolved": "4.7.0",
        "contentHash": "9kyFSIdN3T0qjDQ2R0HRXYIhS3l5psBzQi6qqhdLz+SzFyEy4sVxNOke+yyYv8Cu8rPER12c3RDjLT8wF3WBYQ==",
        "dependencies": {
          "runtime.win-arm64.runtime.native.System.Data.SqlClient.sni": "4.4.0",
          "runtime.win-x64.runtime.native.System.Data.SqlClient.sni": "4.4.0",
          "runtime.win-x86.runtime.native.System.Data.SqlClient.sni": "4.4.0"
        }
      },
      "runtime.native.System.IO.Ports": {
        "type": "Transitive",
        "resolved": "8.0.0",
        "contentHash": "Ee7Sz5llLpTgyKIWzKI/GeuRSbFkOABgJRY00SqTY0OkTYtkB+9l5rFZfE7fxPA3c22RfytCBYkUdAkcmwMjQg==",
        "dependencies": {
          "runtime.linux-arm.runtime.native.System.IO.Ports": "8.0.0",
          "runtime.linux-arm64.runtime.native.System.IO.Ports": "8.0.0",
          "runtime.linux-x64.runtime.native.System.IO.Ports": "8.0.0",
          "runtime.osx-arm64.runtime.native.System.IO.Ports": "8.0.0",
          "runtime.osx-x64.runtime.native.System.IO.Ports": "8.0.0"
        }
      },
      "runtime.osx-arm64.runtime.native.System.IO.Ports": {
        "type": "Transitive",
        "resolved": "8.0.0",
        "contentHash": "rbUBLAaFW9oVkbsb0+XSrAo2QdhBeAyzLl5KQ6Oci9L/u626uXGKInsVJG6B9Z5EO8bmplC8tsMiaHK8wOBZ+w=="
      },
      "runtime.osx-x64.runtime.native.System.IO.Ports": {
        "type": "Transitive",
        "resolved": "8.0.0",
        "contentHash": "IcfB4jKtM9pkzP9OpYelEcUX1MiDt0IJPBh3XYYdEISFF+6Mc+T8WWi0dr9wVh1gtcdVjubVEIBgB8BHESlGfQ=="
      },
      "runtime.win-arm64.runtime.native.System.Data.SqlClient.sni": {
        "type": "Transitive",
        "resolved": "4.4.0",
        "contentHash": "LbrynESTp3bm5O/+jGL8v0Qg5SJlTV08lpIpFesXjF6uGNMWqFnUQbYBJwZTeua6E/Y7FIM1C54Ey1btLWupdg=="
      },
      "runtime.win-x64.runtime.native.System.Data.SqlClient.sni": {
        "type": "Transitive",
        "resolved": "4.4.0",
        "contentHash": "38ugOfkYJqJoX9g6EYRlZB5U2ZJH51UP8ptxZgdpS07FgOEToV+lS11ouNK2PM12Pr6X/PpT5jK82G3DwH/SxQ=="
      },
      "runtime.win-x86.runtime.native.System.Data.SqlClient.sni": {
        "type": "Transitive",
        "resolved": "4.4.0",
        "contentHash": "YhEdSQUsTx+C8m8Bw7ar5/VesXvCFMItyZF7G1AUY+OM0VPZUOeAVpJ4Wl6fydBGUYZxojTDR3I6Bj/+BPkJNA=="
      },
      "StyleCop.Analyzers.Unstable": {
        "type": "Transitive",
        "resolved": "1.2.0.507",
        "contentHash": "gTY3IQdRqDJ4hbhSA3e/R48oE8b/OiKfvwkt1QdNVfrJK2gMHBV8ldaHJ885jxWZfllK66soa/sdcjh9bX49Tw=="
      },
      "System.CodeDom": {
        "type": "Transitive",
        "resolved": "8.0.0",
        "contentHash": "WTlRjL6KWIMr/pAaq3rYqh0TJlzpouaQ/W1eelssHgtlwHAH25jXTkUphTYx9HaIIf7XA6qs/0+YhtLEQRkJ+Q=="
      },
      "System.Collections.Immutable": {
        "type": "Transitive",
        "resolved": "7.0.0",
        "contentHash": "dQPcs0U1IKnBdRDBkrCTi1FoajSTBzLcVTpjO4MBCMC7f4pDOIPzgBoX8JjG7X6uZRJ8EBxsi8+DR1JuwjnzOQ=="
      },
      "System.ComponentModel.Composition": {
        "type": "Transitive",
        "resolved": "8.0.0",
        "contentHash": "bGhUX5BTivJ9Wax0qnJy7uGq7dn/TQkEpJ2Fpu1etg8dbPwyDkUzNPc1d3I2/jUr9y4wDI3a1dkSmi8X21Pzbw=="
      },
      "System.ComponentModel.Composition.Registration": {
        "type": "Transitive",
        "resolved": "8.0.0",
        "contentHash": "BVMXYqX7Z0Zdq3tc94UKJL/cOWq4LF3ufexfdPuUDrDl4ekbbfwPVzsusVbx+aq6Yx60CJnmJLyHtM3V2Q7BBQ==",
        "dependencies": {
          "System.ComponentModel.Composition": "8.0.0",
          "System.Reflection.Context": "8.0.0"
        }
      },
      "System.Configuration.ConfigurationManager": {
        "type": "Transitive",
        "resolved": "8.0.0",
        "contentHash": "JlYi9XVvIREURRUlGMr1F6vOFLk7YSY4p1vHo4kX3tQ0AGrjqlRWHDi66ImHhy6qwXBG3BJ6Y1QlYQ+Qz6Xgww==",
        "dependencies": {
          "System.Diagnostics.EventLog": "8.0.0",
          "System.Security.Cryptography.ProtectedData": "8.0.0"
        }
      },
      "System.Data.Odbc": {
        "type": "Transitive",
        "resolved": "8.0.0",
        "contentHash": "c+GfnZt2/HyU+voKw2fctLZClcNjPZPWS+mnIhGvDknRMqL/fwWlREWPgA4csbp9ZkQIgB4qkufgdh/oh5Ubow==",
        "dependencies": {
          "System.Text.Encoding.CodePages": "8.0.0"
        }
      },
      "System.Data.OleDb": {
        "type": "Transitive",
        "resolved": "8.0.0",
        "contentHash": "FpUTcQ0E8mFvcYp8UZA3NX8wgmhmsCue56g1zfkr1xdOnT5FrYYmC5DWQ9xCw8o8zuxVBKLZvliqEGgmeoalaQ==",
        "dependencies": {
          "System.Configuration.ConfigurationManager": "8.0.0",
          "System.Diagnostics.PerformanceCounter": "8.0.0"
        }
      },
      "System.Diagnostics.DiagnosticSource": {
        "type": "Transitive",
        "resolved": "8.0.0",
        "contentHash": "c9xLpVz6PL9lp/djOWtk5KPDZq3cSYpmXoJQY524EOtuFl5z9ZtsotpsyrDW40U1DRnQSYvcPKEUV0X//u6gkQ=="
      },
      "System.Diagnostics.EventLog": {
        "type": "Transitive",
        "resolved": "8.0.0",
        "contentHash": "fdYxcRjQqTTacKId/2IECojlDSFvp7LP5N78+0z/xH7v/Tuw5ZAxu23Y6PTCRinqyu2ePx+Gn1098NC6jM6d+A=="
      },
      "System.Diagnostics.PerformanceCounter": {
        "type": "Transitive",
        "resolved": "8.0.0",
        "contentHash": "lX6DXxtJqVGWw7N/QmVoiCyVQ+Q/Xp+jVXPr3gLK1jJExSn1qmAjJQeb8gnOYeeBTG3E3PmG1nu92eYj/TEjpg==",
        "dependencies": {
          "System.Configuration.ConfigurationManager": "8.0.0"
        }
      },
      "System.DirectoryServices": {
        "type": "Transitive",
        "resolved": "8.0.0",
        "contentHash": "7nit//efUTy1OsAKco2f02PMrwsR2S234N0dVVp84udC77YcvpOQDz5znAWMtgMWBzY1aRJvUW61jo/7vQRfXg=="
      },
      "System.DirectoryServices.AccountManagement": {
        "type": "Transitive",
        "resolved": "8.0.0",
        "contentHash": "dCT8BYeeisx0IzAf6x+FSVWK3gz2fKI9pgLV16c7dY/lckw4aodNrgXqsFqyqJN5Kfxc3oklG+SCMYkRfg1V7A==",
        "dependencies": {
          "System.Configuration.ConfigurationManager": "8.0.0",
          "System.DirectoryServices": "8.0.0",
          "System.DirectoryServices.Protocols": "8.0.0"
        }
      },
      "System.DirectoryServices.Protocols": {
        "type": "Transitive",
        "resolved": "8.0.0",
        "contentHash": "puwJxURHDrYLGTQdsHyeMS72ClTqYa4lDYz6LHSbkZEk5hq8H8JfsO4MyYhB5BMMxg93jsQzLUwrnCumj11UIg=="
      },
      "System.Drawing.Common": {
        "type": "Transitive",
        "resolved": "8.0.0",
        "contentHash": "JkbHJjtI/dWc5dfmEdJlbe3VwgZqCkZRtfuWFh5GOv0f+gGCfBtzMpIVkmdkj2AObO9y+oiOi81UGwH3aBYuqA==",
        "dependencies": {
          "Microsoft.Win32.SystemEvents": "8.0.0"
        }
      },
      "System.Formats.Asn1": {
        "type": "Transitive",
        "resolved": "8.0.0",
        "contentHash": "AJukBuLoe3QeAF+mfaRKQb2dgyrvt340iMBHYv+VdBzCUM06IxGlvl0o/uPOS7lHnXPN6u8fFRHSHudx5aTi8w=="
      },
      "System.IO.Ports": {
        "type": "Transitive",
        "resolved": "8.0.0",
        "contentHash": "MaiPbx2/QXZc62gm/DrajRrGPG1lU4m08GWMoWiymPYM+ba4kfACp2PbiYpqJ4QiFGhHD00zX3RoVDTucjWe9g==",
        "dependencies": {
          "runtime.native.System.IO.Ports": "8.0.0"
        }
      },
      "System.Management": {
        "type": "Transitive",
        "resolved": "8.0.0",
        "contentHash": "jrK22i5LRzxZCfGb+tGmke2VH7oE0DvcDlJ1HAKYU8cPmD8XnpUT0bYn2Gy98GEhGjtfbR/sxKTVb+dE770pfA==",
        "dependencies": {
          "System.CodeDom": "8.0.0"
        }
      },
      "System.Numerics.Vectors": {
        "type": "Transitive",
        "resolved": "4.5.0",
        "contentHash": "QQTlPTl06J/iiDbJCiepZ4H//BVraReU4O4EoRw1U02H5TLUIT7xn3GnDp9AXPSlJUDyFs4uWjWafNX6WrAojQ=="
      },
      "System.Reflection.Context": {
        "type": "Transitive",
        "resolved": "8.0.0",
        "contentHash": "k76ubeIBOeIVg7vkQ4I+LoB8sY1EzFIc3oHEtoiNLhXleb7TBLXUQu0CFZ4sPlXJzWNabRf+gn1T7lyhOBxIMA=="
      },
      "System.Reflection.DispatchProxy": {
        "type": "Transitive",
        "resolved": "4.7.1",
        "contentHash": "C1sMLwIG6ILQ2bmOT4gh62V6oJlyF4BlHcVMrOoor49p0Ji2tA8QAoqyMcIhAdH6OHKJ8m7BU+r4LK2CUEOKqw=="
      },
      "System.Reflection.Metadata": {
        "type": "Transitive",
        "resolved": "7.0.0",
        "contentHash": "MclTG61lsD9sYdpNz9xsKBzjsmsfCtcMZYXz/IUr2zlhaTaABonlr1ESeompTgM+Xk+IwtGYU7/voh3YWB/fWw==",
        "dependencies": {
          "System.Collections.Immutable": "7.0.0"
        }
      },
      "System.Runtime.Caching": {
        "type": "Transitive",
        "resolved": "8.0.0",
        "contentHash": "4TmlmvGp4kzZomm7J2HJn6IIx0UUrQyhBDyb5O1XiunZlQImXW+B8b7W/sTPcXhSf9rp5NR5aDtQllwbB5elOQ==",
        "dependencies": {
          "System.Configuration.ConfigurationManager": "8.0.0"
        }
      },
      "System.Runtime.CompilerServices.Unsafe": {
        "type": "Transitive",
        "resolved": "6.0.0",
        "contentHash": "/iUeP3tq1S0XdNNoMz5C9twLSrM/TH+qElHkXWaPvuNOt+99G75NrV0OS2EqHx5wMN7popYjpc8oTjC1y16DLg=="
      },
      "System.Security.AccessControl": {
        "type": "Transitive",
        "resolved": "6.0.0",
        "contentHash": "AUADIc0LIEQe7MzC+I0cl0rAT8RrTAKFHl53yHjEUzNVIaUlhFY11vc2ebiVJzVBuOzun6F7FBA+8KAbGTTedQ=="
      },
      "System.Security.Cryptography.Pkcs": {
        "type": "Transitive",
        "resolved": "8.0.0",
        "contentHash": "ULmp3xoOwNYjOYp4JZ2NK/6NdTgiN1GQXzVVN1njQ7LOZ0d0B9vyMnhyqbIi9Qw4JXj1JgCsitkTShboHRx7Eg==",
        "dependencies": {
          "System.Formats.Asn1": "8.0.0"
        }
      },
      "System.Security.Cryptography.ProtectedData": {
        "type": "Transitive",
        "resolved": "8.0.0",
        "contentHash": "+TUFINV2q2ifyXauQXRwy4CiBhqvDEDZeVJU7qfxya4aRYOKzVBpN+4acx25VcPB9ywUN6C0n8drWl110PhZEg=="
      },
      "System.Security.Cryptography.Xml": {
        "type": "Transitive",
        "resolved": "8.0.0",
        "contentHash": "HQSFbakswZ1OXFz2Bt3AJlC6ENDqWeVpgqhf213xqQUMDifzydOHIKVb1RV4prayobvR3ETIScMaQdDF2hwGZA==",
        "dependencies": {
          "System.Security.Cryptography.Pkcs": "8.0.0"
        }
      },
      "System.Security.Permissions": {
        "type": "Transitive",
        "resolved": "8.0.0",
        "contentHash": "v/BBylw7XevuAsHXoX9dDUUfmBIcUf7Lkz8K3ZXIKz3YRKpw8YftpSir4n4e/jDTKFoaK37AsC3xnk+GNFI1Ow==",
        "dependencies": {
          "System.Windows.Extensions": "8.0.0"
        }
      },
      "System.Security.Principal.Windows": {
        "type": "Transitive",
        "resolved": "5.0.0",
        "contentHash": "t0MGLukB5WAVU9bO3MGzvlGnyJPgUlcwerXn1kzBRjwLKixT96XV0Uza41W49gVd8zEMFu9vQEFlv0IOrytICA=="
      },
      "System.ServiceModel.Syndication": {
        "type": "Transitive",
        "resolved": "8.0.0",
        "contentHash": "CJxIUwpBkMCPmIx46tFVOt0zpRrYurUHLW6tJBcmyj+MyWpKc6MMcS69B7IdlV/bgtgys073wMIHZX9QOQ1OFA=="
      },
      "System.ServiceProcess.ServiceController": {
        "type": "Transitive",
        "resolved": "8.0.0",
        "contentHash": "jtYVG3bpw2n/NvNnP2g/JLri0D4UtfusTvLeH6cZPNAEjJXJVGspS3wLgVvjNbm+wjaYkFgsXejMTocV1T5DIQ==",
        "dependencies": {
          "System.Diagnostics.EventLog": "8.0.0"
        }
      },
      "System.Speech": {
        "type": "Transitive",
        "resolved": "8.0.0",
        "contentHash": "CNuiA6vb95Oe5PRjClZEBiaju31vwB8OIeCgeSBXyZL6+MS4RVVB2X/C11z0xCkooHE3Vy91nM2z76emIzR+sg=="
      },
      "System.Text.Encoding.CodePages": {
        "type": "Transitive",
        "resolved": "8.0.0",
        "contentHash": "OZIsVplFGaVY90G2SbpgU7EnCoOO5pw1t4ic21dBF3/1omrJFpAGoNAVpPyMVOC90/hvgkGG3VFqR13YgZMQfg=="
      },
      "System.Text.Json": {
        "type": "Transitive",
        "resolved": "6.0.2",
        "contentHash": "0nE2gwXLn3PTBOPwORLqwuYvWB+Beomt9ZBX+6LmogMNKUvfD1SoDb/ycB1vBntT94rGaB/SvxEyeLu14H6aEg==",
        "dependencies": {
          "System.Runtime.CompilerServices.Unsafe": "6.0.0",
          "System.Text.Encodings.Web": "6.0.0"
        }
      },
      "System.Threading.AccessControl": {
        "type": "Transitive",
        "resolved": "8.0.0",
        "contentHash": "cIed5+HuYz+eV9yu9TH95zPkqmm1J9Qps9wxjB335sU8tsqc2kGdlTEH9FZzZeCS8a7mNSEsN8ZkyhQp1gfdEw=="
      },
      "System.Web.Services.Description": {
        "type": "Transitive",
        "resolved": "4.10.0",
        "contentHash": "Dwr64geRujAwnI+wPMJP1rf4pFaYRITrAS7EIGd0GVMwQ8OayM6ypwmnAPzQG4YTyN84w6KD5Rv8LJywYK+vUA=="
      },
      "System.Windows.Extensions": {
        "type": "Transitive",
        "resolved": "8.0.0",
        "contentHash": "Obg3a90MkOw9mYKxrardLpY2u0axDMrSmy4JCdq2cYbelM2cUwmUir5Bomvd1yxmPL9h5LVHU1tuKBZpUjfASg=="
      },
      "microsoft.powershell.commands.management": {
        "type": "Project",
        "dependencies": {
          "Microsoft.PowerShell.Security": "[7.4.0-rc.1, )",
          "System.ServiceProcess.ServiceController": "[8.0.0, )"
        }
      },
      "microsoft.powershell.commands.utility": {
        "type": "Project",
        "dependencies": {
          "JsonSchema.Net": "[5.5.0, )",
          "Markdig.Signed": "[0.34.0, )",
          "Microsoft.CodeAnalysis.CSharp": "[4.8.0, )",
          "Microsoft.PowerShell.MarkdownRender": "[7.2.1, )",
          "System.Drawing.Common": "[8.0.0, )",
          "System.Management.Automation": "[7.4.0-rc.1, )",
          "System.Threading.AccessControl": "[8.0.0, )"
        }
      },
      "microsoft.powershell.consolehost": {
        "type": "Project",
        "dependencies": {
          "System.Management.Automation": "[7.4.0-rc.1, )"
        }
      },
      "microsoft.powershell.security": {
        "type": "Project",
        "dependencies": {
          "System.Management.Automation": "[7.4.0-rc.1, )"
        }
      },
      "system.management.automation": {
        "type": "Project",
        "dependencies": {
          "Microsoft.ApplicationInsights": "[2.22.0, )",
          "Microsoft.Management.Infrastructure": "[3.0.0, )",
          "Microsoft.PowerShell.Native": "[7.4.0, )",
          "Microsoft.Security.Extensions": "[1.3.0, )",
          "Microsoft.Win32.Registry.AccessControl": "[8.0.0, )",
          "Newtonsoft.Json": "[13.0.3, )",
          "System.Configuration.ConfigurationManager": "[8.0.0, )",
          "System.Diagnostics.DiagnosticSource": "[8.0.0, )",
          "System.DirectoryServices": "[8.0.0, )",
          "System.Management": "[8.0.0, )",
          "System.Security.AccessControl": "[6.0.0, )",
          "System.Security.Cryptography.Pkcs": "[8.0.0, )",
          "System.Security.Permissions": "[8.0.0, )",
          "System.Text.Encoding.CodePages": "[8.0.0, )"
        }
      }
    }
  }
}