
Microsoft Visual Studio Solution File, Format Version 12.00
Project("{FAE04EC0-301F-11D3-BF4B-00C04F79EFBC}") = "ResultsComparer", "ResultsComparer.csproj", "{00859394-44F8-466B-8624-41578CA94009}"
EndProject
Global
	GlobalSection(SolutionConfigurationPlatforms) = preSolution
		Debug|Any CPU = Debug|Any CPU
		Release|Any CPU = Release|Any CPU
	EndGlobalSection
	GlobalSection(ProjectConfigurationPlatforms) = postSolution
		{00859394-44F8-466B-8624-41578CA94009}.Debug|Any CPU.ActiveCfg = Debug|Any CPU
		{00859394-44F8-466B-8624-41578CA94009}.Debug|Any CPU.Build.0 = Debug|Any CPU
		{00859394-44F8-466B-8624-41578CA94009}.Release|Any CPU.ActiveCfg = Release|Any CPU
		{00859394-44F8-466B-8624-41578CA94009}.Release|Any CPU.Build.0 = Release|Any CPU
	EndGlobalSection
EndGlobal
