{
  "version": 1,
  "dependencies": {
    "net8.0": {
      "DotNetAnalyzers.DocumentationAnalyzers": {
        "type": "Direct",
        "requested": "[1.0.0-beta.59, )",
        "resolved": "1.0.0-beta.59",
        "contentHash": "+cjn5bzar9cqDABF2SUsMEof8yoMXSNdHYdpCVNnj/M/cRACbKYHzYpgilSEvFlHGuolzJJ2WN++/EXwBzSsYQ==",
        "dependencies": {
          "DotNetAnalyzers.DocumentationAnalyzers.Unstable": "1.0.0.59"
        }
      },
      "Microsoft.ApplicationInsights": {
        "type": "Direct",
        "requested": "[2.22.0, )",
        "resolved": "2.22.0",
        "contentHash": "3AOM9bZtku7RQwHyMEY3tQMrHIgjcfRDa6YQpd/QG2LDGvMydSlL9Di+8LLMt7J2RDdfJ7/2jdYv6yHcMJAnNw==",
        "dependencies": {
          "System.Diagnostics.DiagnosticSource": "5.0.0"
        }
      },
      "Microsoft.Management.Infrastructure": {
        "type": "Direct",
        "requested": "[3.0.0, )",
        "resolved": "3.0.0",
        "contentHash": "cGZi0q5IujCTVYKo9h22Pw+UwfZDV82HXO8HTxMG2HqntPlT3Ls8jY6punLp4YzCypJNpfCAu2kae3TIyuAiJw==",
        "dependencies": {
          "Microsoft.Management.Infrastructure.Runtime.Unix": "3.0.0",
          "Microsoft.Management.Infrastructure.Runtime.Win": "3.0.0"
        }
      },
      "Microsoft.PowerShell.Native": {
        "type": "Direct",
        "requested": "[7.4.0, )",
        "resolved": "7.4.0",
        "contentHash": "FlaJ3JBWhqFToYT0ycMb/Xxzoof7oTQbNyI4UikgubC7AMWt5ptBNKjIAMPvOcvEHr+ohaO9GvRWp3tiyS3sKw=="
      },
      "Microsoft.Security.Extensions": {
        "type": "Direct",
        "requested": "[1.3.0, )",
        "resolved": "1.3.0",
        "contentHash": "xK8WFEo5WMUE8DI8W+GjhRwpVcPrxc4DyTjfxh39+yOyhAtC5TBHDlFEJks5toNZHsUeUuiWELIX25oTWOKPBw=="
      },
      "Microsoft.Win32.Registry.AccessControl": {
        "type": "Direct",
        "requested": "[8.0.0, )",
        "resolved": "8.0.0",
        "contentHash": "u8PB9/v02C8mBXzl0vJ7bOyC020zOP+T1mRct+KA46DqZkB40XtsNn9pGD0QowTRsT6R4jPCghn+yAODn2UMMw=="
      },
      "Newtonsoft.Json": {
        "type": "Direct",
        "requested": "[13.0.3, )",
        "resolved": "13.0.3",
        "contentHash": "HrC5BXdl00IP9zeV+0Z848QWPAoCr9P3bDEZguI+gkLcBKAOxix/tLEAAHC+UvDNPv4a2d18lOReHMOagPa+zQ=="
      },
      "StyleCop.Analyzers": {
        "type": "Direct",
        "requested": "[1.2.0-beta.507, )",
        "resolved": "1.2.0-beta.507",
        "contentHash": "/FtugDT66cKJJ+GGH7rNpG6UDrT4iIWz45M6lrXXHobDUFDHw+q5VgkbiR+6ffTO564ge7w6fQh/eoQhVdJO8Q==",
        "dependencies": {
          "StyleCop.Analyzers.Unstable": "1.2.0.507"
        }
      },
      "System.Configuration.ConfigurationManager": {
        "type": "Direct",
        "requested": "[8.0.0, )",
        "resolved": "8.0.0",
        "contentHash": "JlYi9XVvIREURRUlGMr1F6vOFLk7YSY4p1vHo4kX3tQ0AGrjqlRWHDi66ImHhy6qwXBG3BJ6Y1QlYQ+Qz6Xgww==",
        "dependencies": {
          "System.Diagnostics.EventLog": "8.0.0",
          "System.Security.Cryptography.ProtectedData": "8.0.0"
        }
      },
      "System.Diagnostics.DiagnosticSource": {
        "type": "Direct",
        "requested": "[8.0.0, )",
        "resolved": "8.0.0",
        "contentHash": "c9xLpVz6PL9lp/djOWtk5KPDZq3cSYpmXoJQY524EOtuFl5z9ZtsotpsyrDW40U1DRnQSYvcPKEUV0X//u6gkQ=="
      },
      "System.DirectoryServices": {
        "type": "Direct",
        "requested": "[8.0.0, )",
        "resolved": "8.0.0",
        "contentHash": "7nit//efUTy1OsAKco2f02PMrwsR2S234N0dVVp84udC77YcvpOQDz5znAWMtgMWBzY1aRJvUW61jo/7vQRfXg=="
      },
      "System.Management": {
        "type": "Direct",
        "requested": "[8.0.0, )",
        "resolved": "8.0.0",
        "contentHash": "jrK22i5LRzxZCfGb+tGmke2VH7oE0DvcDlJ1HAKYU8cPmD8XnpUT0bYn2Gy98GEhGjtfbR/sxKTVb+dE770pfA==",
        "dependencies": {
          "System.CodeDom": "8.0.0"
        }
      },
      "System.Security.AccessControl": {
        "type": "Direct",
        "requested": "[6.0.0, )",
        "resolved": "6.0.0",
        "contentHash": "AUADIc0LIEQe7MzC+I0cl0rAT8RrTAKFHl53yHjEUzNVIaUlhFY11vc2ebiVJzVBuOzun6F7FBA+8KAbGTTedQ=="
      },
      "System.Security.Cryptography.Pkcs": {
        "type": "Direct",
        "requested": "[8.0.0, )",
        "resolved": "8.0.0",
        "contentHash": "ULmp3xoOwNYjOYp4JZ2NK/6NdTgiN1GQXzVVN1njQ7LOZ0d0B9vyMnhyqbIi9Qw4JXj1JgCsitkTShboHRx7Eg==",
        "dependencies": {
          "System.Formats.Asn1": "8.0.0"
        }
      },
      "System.Security.Permissions": {
        "type": "Direct",
        "requested": "[8.0.0, )",
        "resolved": "8.0.0",
        "contentHash": "v/BBylw7XevuAsHXoX9dDUUfmBIcUf7Lkz8K3ZXIKz3YRKpw8YftpSir4n4e/jDTKFoaK37AsC3xnk+GNFI1Ow==",
        "dependencies": {
          "System.Windows.Extensions": "8.0.0"
        }
      },
      "System.Text.Encoding.CodePages": {
        "type": "Direct",
        "requested": "[8.0.0, )",
        "resolved": "8.0.0",
        "contentHash": "OZIsVplFGaVY90G2SbpgU7EnCoOO5pw1t4ic21dBF3/1omrJFpAGoNAVpPyMVOC90/hvgkGG3VFqR13YgZMQfg=="
      },
      "DotNetAnalyzers.DocumentationAnalyzers.Unstable": {
        "type": "Transitive",
        "resolved": "1.0.0.59",
        "contentHash": "ekGYoPsAGTJs5cFbRdzfHKX2n2DzEATZyowGw3QJnozelzmhQ5tGCJhyolN5NWDq1p/GkBPKgRcQ5QGTKxaGrA=="
      },
      "Microsoft.Management.Infrastructure.Runtime.Unix": {
        "type": "Transitive",
        "resolved": "3.0.0",
        "contentHash": "QZE3uEDvZ0m7LabQvcmNOYHp7v1QPBVMpB/ild0WEE8zqUVAP5y9rRI5we37ImI1bQmW5pZ+3HNC70POPm0jBQ=="
      },
      "Microsoft.Management.Infrastructure.Runtime.Win": {
        "type": "Transitive",
        "resolved": "3.0.0",
        "contentHash": "uwMyWN33+iQ8Wm/n1yoPXgFoiYNd0HzJyoqSVhaQZyJfaQrJR3udgcIHjqa1qbc3lS6kvfuUMN4TrF4U4refCQ=="
      },
      "StyleCop.Analyzers.Unstable": {
        "type": "Transitive",
        "resolved": "1.2.0.507",
        "contentHash": "gTY3IQdRqDJ4hbhSA3e/R48oE8b/OiKfvwkt1QdNVfrJK2gMHBV8ldaHJ885jxWZfllK66soa/sdcjh9bX49Tw=="
      },
      "System.CodeDom": {
        "type": "Transitive",
        "resolved": "8.0.0",
        "contentHash": "WTlRjL6KWIMr/pAaq3rYqh0TJlzpouaQ/W1eelssHgtlwHAH25jXTkUphTYx9HaIIf7XA6qs/0+YhtLEQRkJ+Q=="
      },
      "System.Diagnostics.EventLog": {
        "type": "Transitive",
        "resolved": "8.0.0",
        "contentHash": "fdYxcRjQqTTacKId/2IECojlDSFvp7LP5N78+0z/xH7v/Tuw5ZAxu23Y6PTCRinqyu2ePx+Gn1098NC6jM6d+A=="
      },
      "System.Formats.Asn1": {
        "type": "Transitive",
        "resolved": "8.0.0",
        "contentHash": "AJukBuLoe3QeAF+mfaRKQb2dgyrvt340iMBHYv+VdBzCUM06IxGlvl0o/uPOS7lHnXPN6u8fFRHSHudx5aTi8w=="
      },
      "System.Security.Cryptography.ProtectedData": {
        "type": "Transitive",
        "resolved": "8.0.0",
        "contentHash": "+TUFINV2q2ifyXauQXRwy4CiBhqvDEDZeVJU7qfxya4aRYOKzVBpN+4acx25VcPB9ywUN6C0n8drWl110PhZEg=="
      },
      "System.Windows.Extensions": {
        "type": "Transitive",
        "resolved": "8.0.0",
        "contentHash": "Obg3a90MkOw9mYKxrardLpY2u0axDMrSmy4JCdq2cYbelM2cUwmUir5Bomvd1yxmPL9h5LVHU1tuKBZpUjfASg=="
      }
    }
  }
}